// !$*UTF8*$!
{
	archiveVersion = 1;
	classes = {
	};
	objectVersion = 56;
	objects = {

/* Begin PBXBuildFile section */
		9413D7452AE80A4300F6EA45 /* Theme.swift in Sources */ = {isa = PBXBuildFile; fileRef = 9413D7442AE80A4300F6EA45 /* Theme.swift */; };
		9413D7472AE80C5600F6EA45 /* DailyScrum.swift in Sources */ = {isa = PBXBuildFile; fileRef = 9413D7462AE80C5600F6EA45 /* DailyScrum.swift */; };
		9413D7492AE80CFC00F6EA45 /* CardView.swift in Sources */ = {isa = PBXBuildFile; fileRef = 9413D7482AE80CFC00F6EA45 /* CardView.swift */; };
		9413D74B2AE813C600F6EA45 /* TrailingIconLabelStyle.swift in Sources */ = {isa = PBXBuildFile; fileRef = 9413D74A2AE813C600F6EA45 /* TrailingIconLabelStyle.swift */; };
		94A2C3232AE8F3D700D5DB10 /* ScrumListView.swift in Sources */ = {isa = PBXBuildFile; fileRef = 94A2C3222AE8F3D700D5DB10 /* ScrumListView.swift */; };
		94A2C3252AE908FE00D5DB10 /* ScrumDetailView.swift in Sources */ = {isa = PBXBuildFile; fileRef = 94A2C3242AE908FE00D5DB10 /* ScrumDetailView.swift */; };
		94A2C3272AE959D200D5DB10 /* ScrumEditView.swift in Sources */ = {isa = PBXBuildFile; fileRef = 94A2C3262AE959D200D5DB10 /* ScrumEditView.swift */; };
		94A2C3292AE9606200D5DB10 /* ThemeView.swift in Sources */ = {isa = PBXBuildFile; fileRef = 94A2C3282AE9606200D5DB10 /* ThemeView.swift */; };
		94A2C32B2AE9615F00D5DB10 /* ThemePicker.swift in Sources */ = {isa = PBXBuildFile; fileRef = 94A2C32A2AE9615F00D5DB10 /* ThemePicker.swift */; };
		94E5EAAB2AE8001500668692 /* ScrumdingerApp.swift in Sources */ = {isa = PBXBuildFile; fileRef = 94E5EAAA2AE8001500668692 /* ScrumdingerApp.swift */; };
		94E5EAAD2AE8001500668692 /* MeetingView.swift in Sources */ = {isa = PBXBuildFile; fileRef = 94E5EAAC2AE8001500668692 /* MeetingView.swift */; };
		94E5EAAF2AE8001600668692 /* Assets.xcassets in Resources */ = {isa = PBXBuildFile; fileRef = 94E5EAAE2AE8001600668692 /* Assets.xcassets */; };
		94E5EAB22AE8001600668692 /* Preview Assets.xcassets in Resources */ = {isa = PBXBuildFile; fileRef = 94E5EAB12AE8001600668692 /* Preview Assets.xcassets */; };
/* End PBXBuildFile section */

/* Begin PBXFileReference section */
		9413D7442AE80A4300F6EA45 /* Theme.swift */ = {isa = PBXFileReference; lastKnownFileType = sourcecode.swift; path = Theme.swift; sourceTree = "<group>"; };
		9413D7462AE80C5600F6EA45 /* DailyScrum.swift */ = {isa = PBXFileReference; lastKnownFileType = sourcecode.swift; path = DailyScrum.swift; sourceTree = "<group>"; };
		9413D7482AE80CFC00F6EA45 /* CardView.swift */ = {isa = PBXFileReference; lastKnownFileType = sourcecode.swift; path = CardView.swift; sourceTree = "<group>"; };
		9413D74A2AE813C600F6EA45 /* TrailingIconLabelStyle.swift */ = {isa = PBXFileReference; lastKnownFileType = sourcecode.swift; path = TrailingIconLabelStyle.swift; sourceTree = "<group>"; };
		94A2C3222AE8F3D700D5DB10 /* ScrumListView.swift */ = {isa = PBXFileReference; lastKnownFileType = sourcecode.swift; path = ScrumListView.swift; sourceTree = "<group>"; };
		94A2C3242AE908FE00D5DB10 /* ScrumDetailView.swift */ = {isa = PBXFileReference; lastKnownFileType = sourcecode.swift; path = ScrumDetailView.swift; sourceTree = "<group>"; };
		94A2C3262AE959D200D5DB10 /* ScrumEditView.swift */ = {isa = PBXFileReference; lastKnownFileType = sourcecode.swift; path = ScrumEditView.swift; sourceTree = "<group>"; };
		94A2C3282AE9606200D5DB10 /* ThemeView.swift */ = {isa = PBXFileReference; lastKnownFileType = sourcecode.swift; path = ThemeView.swift; sourceTree = "<group>"; };
		94A2C32A2AE9615F00D5DB10 /* ThemePicker.swift */ = {isa = PBXFileReference; lastKnownFileType = sourcecode.swift; path = ThemePicker.swift; sourceTree = "<group>"; };
		94E5EAA72AE8001500668692 /* Scrumdinger.app */ = {isa = PBXFileReference; explicitFileType = wrapper.application; includeInIndex = 0; path = Scrumdinger.app; sourceTree = BUILT_PRODUCTS_DIR; };
		94E5EAAA2AE8001500668692 /* ScrumdingerApp.swift */ = {isa = PBXFileReference; lastKnownFileType = sourcecode.swift; path = ScrumdingerApp.swift; sourceTree = "<group>"; };
		94E5EAAC2AE8001500668692 /* MeetingView.swift */ = {isa = PBXFileReference; lastKnownFileType = sourcecode.swift; path = MeetingView.swift; sourceTree = "<group>"; };
		94E5EAAE2AE8001600668692 /* Assets.xcassets */ = {isa = PBXFileReference; lastKnownFileType = folder.assetcatalog; path = Assets.xcassets; sourceTree = "<group>"; };
		94E5EAB12AE8001600668692 /* Preview Assets.xcassets */ = {isa = PBXFileReference; lastKnownFileType = folder.assetcatalog; path = "Preview Assets.xcassets"; sourceTree = "<group>"; };
/* End PBXFileReference section */

/* Begin PBXFrameworksBuildPhase section */
		94E5EAA42AE8001500668692 /* Frameworks */ = {
			isa = PBXFrameworksBuildPhase;
			buildActionMask = 2147483647;
			files = (
			);
			runOnlyForDeploymentPostprocessing = 0;
		};
/* End PBXFrameworksBuildPhase section */

/* Begin PBXGroup section */
		9413D7432AE80A3600F6EA45 /* Models */ = {
			isa = PBXGroup;
			children = (
				9413D7442AE80A4300F6EA45 /* Theme.swift */,
				9413D7462AE80C5600F6EA45 /* DailyScrum.swift */,
				94A2C3262AE959D200D5DB10 /* ScrumEditView.swift */,
			);
			path = Models;
			sourceTree = "<group>";
		};
		94E5EA9E2AE8001500668692 = {
			isa = PBXGroup;
			children = (
				94E5EAA92AE8001500668692 /* Scrumdinger */,
				94E5EAA82AE8001500668692 /* Products */,
			);
			sourceTree = "<group>";
		};
		94E5EAA82AE8001500668692 /* Products */ = {
			isa = PBXGroup;
			children = (
				94E5EAA72AE8001500668692 /* Scrumdinger.app */,
			);
			name = Products;
			sourceTree = "<group>";
		};
		94E5EAA92AE8001500668692 /* Scrumdinger */ = {
			isa = PBXGroup;
			children = (
				9413D7432AE80A3600F6EA45 /* Models */,
				94E5EAAA2AE8001500668692 /* ScrumdingerApp.swift */,
				94E5EAAC2AE8001500668692 /* MeetingView.swift */,
				94E5EAAE2AE8001600668692 /* Assets.xcassets */,
				94E5EAB02AE8001600668692 /* Preview Content */,
				9413D7482AE80CFC00F6EA45 /* CardView.swift */,
				9413D74A2AE813C600F6EA45 /* TrailingIconLabelStyle.swift */,
				94A2C3222AE8F3D700D5DB10 /* ScrumListView.swift */,
				94A2C3242AE908FE00D5DB10 /* ScrumDetailView.swift */,
				94A2C3282AE9606200D5DB10 /* ThemeView.swift */,
				94A2C32A2AE9615F00D5DB10 /* ThemePicker.swift */,
			);
			path = Scrumdinger;
			sourceTree = "<group>";
		};
		94E5EAB02AE8001600668692 /* Preview Content */ = {
			isa = PBXGroup;
			children = (
				94E5EAB12AE8001600668692 /* Preview Assets.xcassets */,
			);
			path = "Preview Content";
			sourceTree = "<group>";
		};
/* End PBXGroup section */

/* Begin PBXNativeTarget section */
		94E5EAA62AE8001500668692 /* Scrumdinger */ = {
			isa = PBXNativeTarget;
			buildConfigurationList = 94E5EAB52AE8001600668692 /* Build configuration list for PBXNativeTarget "Scrumdinger" */;
			buildPhases = (
				94E5EAA32AE8001500668692 /* Sources */,
				94E5EAA42AE8001500668692 /* Frameworks */,
				94E5EAA52AE8001500668692 /* Resources */,
			);
			buildRules = (
			);
			dependencies = (
			);
			name = Scrumdinger;
			productName = Scrumdinger;
			productReference = 94E5EAA72AE8001500668692 /* Scrumdinger.app */;
			productType = "com.apple.product-type.application";
		};
/* End PBXNativeTarget section */

/* Begin PBXProject section */
		94E5EA9F2AE8001500668692 /* Project object */ = {
			isa = PBXProject;
			attributes = {
				BuildIndependentTargetsInParallel = 1;
				LastSwiftUpdateCheck = 1500;
				LastUpgradeCheck = 1500;
				TargetAttributes = {
					94E5EAA62AE8001500668692 = {
						CreatedOnToolsVersion = 15.0.1;
					};
				};
			};
			buildConfigurationList = 94E5EAA22AE8001500668692 /* Build configuration list for PBXProject "Scrumdinger" */;
			compatibilityVersion = "Xcode 14.0";
			developmentRegion = en;
			hasScannedForEncodings = 0;
			knownRegions = (
				en,
				Base,
			);
			mainGroup = 94E5EA9E2AE8001500668692;
			productRefGroup = 94E5EAA82AE8001500668692 /* Products */;
			projectDirPath = "";
			projectRoot = "";
			targets = (
				94E5EAA62AE8001500668692 /* Scrumdinger */,
			);
		};
/* End PBXProject section */

/* Begin PBXResourcesBuildPhase section */
		94E5EAA52AE8001500668692 /* Resources */ = {
			isa = PBXResourcesBuildPhase;
			buildActionMask = 2147483647;
			files = (
				94E5EAB22AE8001600668692 /* Preview Assets.xcassets in Resources */,
				94E5EAAF2AE8001600668692 /* Assets.xcassets in Resources */,
			);
			runOnlyForDeploymentPostprocessing = 0;
		};
/* End PBXResourcesBuildPhase section */

/* Begin PBXSourcesBuildPhase section */
		94E5EAA32AE8001500668692 /* Sources */ = {
			isa = PBXSourcesBuildPhase;
			buildActionMask = 2147483647;
			files = (
				94A2C32B2AE9615F00D5DB10 /* ThemePicker.swift in Sources */,
				94A2C3252AE908FE00D5DB10 /* ScrumDetailView.swift in Sources */,
				9413D7472AE80C5600F6EA45 /* DailyScrum.swift in Sources */,
				9413D74B2AE813C600F6EA45 /* TrailingIconLabelStyle.swift in Sources */,
				9413D7452AE80A4300F6EA45 /* Theme.swift in Sources */,
				94E5EAAD2AE8001500668692 /* MeetingView.swift in Sources */,
				94A2C3232AE8F3D700D5DB10 /* ScrumListView.swift in Sources */,
				94E5EAAB2AE8001500668692 /* ScrumdingerApp.swift in Sources */,
				94A2C3272AE959D200D5DB10 /* ScrumEditView.swift in Sources */,
				94A2C3292AE9606200D5DB10 /* ThemeView.swift in Sources */,
				9413D7492AE80CFC00F6EA45 /* CardView.swift in Sources */,
			);
			runOnlyForDeploymentPostprocessing = 0;
		};
/* End PBXSourcesBuildPhase section */

/* Begin XCBuildConfiguration section */
		94E5EAB32AE8001600668692 /* Debug */ = {
			isa = XCBuildConfiguration;
			buildSettings = {
				ALWAYS_SEARCH_USER_PATHS = NO;
				ASSETCATALOG_COMPILER_GENERATE_SWIFT_ASSET_SYMBOL_EXTENSIONS = YES;
				CLANG_ANALYZER_NONNULL = YES;
				CLANG_ANALYZER_NUMBER_OBJECT_CONVERSION = YES_AGGRESSIVE;
				CLANG_CXX_LANGUAGE_STANDARD = "gnu++20";
				CLANG_ENABLE_MODULES = YES;
				CLANG_ENABLE_OBJC_ARC = YES;
				CLANG_ENABLE_OBJC_WEAK = YES;
				CLANG_WARN_BLOCK_CAPTURE_AUTORELEASING = YES;
				CLANG_WARN_BOOL_CONVERSION = YES;
				CLANG_WARN_COMMA = YES;
				CLANG_WARN_CONSTANT_CONVERSION = YES;
				CLANG_WARN_DEPRECATED_OBJC_IMPLEMENTATIONS = YES;
				CLANG_WARN_DIRECT_OBJC_ISA_USAGE = YES_ERROR;
				CLANG_WARN_DOCUMENTATION_COMMENTS = YES;
				CLANG_WARN_EMPTY_BODY = YES;
				CLANG_WARN_ENUM_CONVERSION = YES;
				CLANG_WARN_INFINITE_RECURSION = YES;
				CLANG_WARN_INT_CONVERSION = YES;
				CLANG_WARN_NON_LITERAL_NULL_CONVERSION = YES;
				CLANG_WARN_OBJC_IMPLICIT_RETAIN_SELF = YES;
				CLANG_WARN_OBJC_LITERAL_CONVERSION = YES;
				CLANG_WARN_OBJC_ROOT_CLASS = YES_ERROR;
				CLANG_WARN_QUOTED_INCLUDE_IN_FRAMEWORK_HEADER = YES;
				CLANG_WARN_RANGE_LOOP_ANALYSIS = YES;
				CLANG_WARN_STRICT_PROTOTYPES = YES;
				CLANG_WARN_SUSPICIOUS_MOVE = YES;
				CLANG_WARN_UNGUARDED_AVAILABILITY = YES_AGGRESSIVE;
				CLANG_WARN_UNREACHABLE_CODE = YES;
				CLANG_WARN__DUPLICATE_METHOD_MATCH = YES;
				COPY_PHASE_STRIP = NO;
				DEBUG_INFORMATION_FORMAT = dwarf;
				ENABLE_STRICT_OBJC_MSGSEND = YES;
				ENABLE_TESTABILITY = YES;
				ENABLE_USER_SCRIPT_SANDBOXING = YES;
				GCC_C_LANGUAGE_STANDARD = gnu17;
				GCC_DYNAMIC_NO_PIC = NO;
				GCC_NO_COMMON_BLOCKS = YES;
				GCC_OPTIMIZATION_LEVEL = 0;
				GCC_PREPROCESSOR_DEFINITIONS = (
					"DEBUG=1",
					"$(inherited)",
				);
				GCC_WARN_64_TO_32_BIT_CONVERSION = YES;
				GCC_WARN_ABOUT_RETURN_TYPE = YES_ERROR;
				GCC_WARN_UNDECLARED_SELECTOR = YES;
				GCC_WARN_UNINITIALIZED_AUTOS = YES_AGGRESSIVE;
				GCC_WARN_UNUSED_FUNCTION = YES;
				GCC_WARN_UNUSED_VARIABLE = YES;
				IPHONEOS_DEPLOYMENT_TARGET = 16.4;
				LOCALIZATION_PREFERS_STRING_CATALOGS = YES;
				MTL_ENABLE_DEBUG_INFO = INCLUDE_SOURCE;
				MTL_FAST_MATH = YES;
				ONLY_ACTIVE_ARCH = YES;
				SDKROOT = iphoneos;
				SWIFT_ACTIVE_COMPILATION_CONDITIONS = "DEBUG $(inherited)";
				SWIFT_OPTIMIZATION_LEVEL = "-Onone";
			};
			name = Debug;
		};
		94E5EAB42AE8001600668692 /* Release */ = {
			isa = XCBuildConfiguration;
			buildSettings = {
				ALWAYS_SEARCH_USER_PATHS = NO;
				ASSETCATALOG_COMPILER_GENERATE_SWIFT_ASSET_SYMBOL_EXTENSIONS = YES;
				CLANG_ANALYZER_NONNULL = YES;
				CLANG_ANALYZER_NUMBER_OBJECT_CONVERSION = YES_AGGRESSIVE;
				CLANG_CXX_LANGUAGE_STANDARD = "gnu++20";
				CLANG_ENABLE_MODULES = YES;
				CLANG_ENABLE_OBJC_ARC = YES;
				CLANG_ENABLE_OBJC_WEAK = YES;
				CLANG_WARN_BLOCK_CAPTURE_AUTORELEASING = YES;
				CLANG_WARN_BOOL_CONVERSION = YES;
				CLANG_WARN_COMMA = YES;
				CLANG_WARN_CONSTANT_CONVERSION = YES;
				CLANG_WARN_DEPRECATED_OBJC_IMPLEMENTATIONS = YES;
				CLANG_WARN_DIRECT_OBJC_ISA_USAGE = YES_ERROR;
				CLANG_WARN_DOCUMENTATION_COMMENTS = YES;
				CLANG_WARN_EMPTY_BODY = YES;
				CLANG_WARN_ENUM_CONVERSION = YES;
				CLANG_WARN_INFINITE_RECURSION = YES;
				CLANG_WARN_INT_CONVERSION = YES;
				CLANG_WARN_NON_LITERAL_NULL_CONVERSION = YES;
				CLANG_WARN_OBJC_IMPLICIT_RETAIN_SELF = YES;
				CLANG_WARN_OBJC_LITERAL_CONVERSION = YES;
				CLANG_WARN_OBJC_ROOT_CLASS = YES_ERROR;
				CLANG_WARN_QUOTED_INCLUDE_IN_FRAMEWORK_HEADER = YES;
				CLANG_WARN_RANGE_LOOP_ANALYSIS = YES;
				CLANG_WARN_STRICT_PROTOTYPES = YES;
				CLANG_WARN_SUSPICIOUS_MOVE = YES;
				CLANG_WARN_UNGUARDED_AVAILABILITY = YES_AGGRESSIVE;
				CLANG_WARN_UNREACHABLE_CODE = YES;
				CLANG_WARN__DUPLICATE_METHOD_MATCH = YES;
				COPY_PHASE_STRIP = NO;
				DEBUG_INFORMATION_FORMAT = "dwarf-with-dsym";
				ENABLE_NS_ASSERTIONS = NO;
				ENABLE_STRICT_OBJC_MSGSEND = YES;
				ENABLE_USER_SCRIPT_SANDBOXING = YES;
				GCC_C_LANGUAGE_STANDARD = gnu17;
				GCC_NO_COMMON_BLOCKS = YES;
				GCC_WARN_64_TO_32_BIT_CONVERSION = YES;
				GCC_WARN_ABOUT_RETURN_TYPE = YES_ERROR;
				GCC_WARN_UNDECLARED_SELECTOR = YES;
				GCC_WARN_UNINITIALIZED_AUTOS = YES_AGGRESSIVE;
				GCC_WARN_UNUSED_FUNCTION = YES;
				GCC_WARN_UNUSED_VARIABLE = YES;
				IPHONEOS_DEPLOYMENT_TARGET = 16.4;
				LOCALIZATION_PREFERS_STRING_CATALOGS = YES;
				MTL_ENABLE_DEBUG_INFO = NO;
				MTL_FAST_MATH = YES;
				SDKROOT = iphoneos;
				SWIFT_COMPILATION_MODE = wholemodule;
				VALIDATE_PRODUCT = YES;
			};
			name = Release;
		};
		94E5EAB62AE8001600668692 /* Debug */ = {
			isa = XCBuildConfiguration;
			buildSettings = {
				ASSETCATALOG_COMPILER_APPICON_NAME = AppIcon;
				ASSETCATALOG_COMPILER_GLOBAL_ACCENT_COLOR_NAME = AccentColor;
				CODE_SIGN_STYLE = Automatic;
				CURRENT_PROJECT_VERSION = 1;
				DEVELOPMENT_ASSET_PATHS = "\"Scrumdinger/Preview Content\"";
				DEVELOPMENT_TEAM = P72HL5U347;
				ENABLE_PREVIEWS = YES;
				GENERATE_INFOPLIST_FILE = YES;
				INFOPLIST_KEY_UIApplicationSceneManifest_Generation = YES;
				INFOPLIST_KEY_UIApplicationSupportsIndirectInputEvents = YES;
				INFOPLIST_KEY_UILaunchScreen_Generation = YES;
				INFOPLIST_KEY_UISupportedInterfaceOrientations_iPad = "UIInterfaceOrientationPortrait UIInterfaceOrientationPortraitUpsideDown UIInterfaceOrientationLandscapeLeft UIInterfaceOrientationLandscapeRight";
				INFOPLIST_KEY_UISupportedInterfaceOrientations_iPhone = "UIInterfaceOrientationPortrait UIInterfaceOrientationLandscapeLeft UIInterfaceOrientationLandscapeRight";
				IPHONEOS_DEPLOYMENT_TARGET = 16.4;
				LD_RUNPATH_SEARCH_PATHS = (
					"$(inherited)",
					"@executable_path/Frameworks",
				);
				MARKETING_VERSION = 1.0;
				PRODUCT_BUNDLE_IDENTIFIER = com.BigFootSaigon.Scrumdinger;
				PRODUCT_NAME = "$(TARGET_NAME)";
				SUPPORTED_PLATFORMS = "iphoneos iphonesimulator";
				SUPPORTS_MACCATALYST = NO;
				SUPPORTS_MAC_DESIGNED_FOR_IPHONE_IPAD = NO;
				SWIFT_EMIT_LOC_STRINGS = YES;
				SWIFT_VERSION = 5.0;
				TARGETED_DEVICE_FAMILY = 1;
			};
			name = Debug;
		};
		94E5EAB72AE8001600668692 /* Release */ = {
			isa = XCBuildConfiguration;
			buildSettings = {
				ASSETCATALOG_COMPILER_APPICON_NAME = AppIcon;
				ASSETCATALOG_COMPILER_GLOBAL_ACCENT_COLOR_NAME = AccentColor;
				CODE_SIGN_STYLE = Automatic;
				CURRENT_PROJECT_VERSION = 1;
				DEVELOPMENT_ASSET_PATHS = "\"Scrumdinger/Preview Content\"";
				DEVELOPMENT_TEAM = P72HL5U347;
				ENABLE_PREVIEWS = YES;
				GENERATE_INFOPLIST_FILE = YES;
				INFOPLIST_KEY_UIApplicationSceneManifest_Generation = YES;
				INFOPLIST_KEY_UIApplicationSupportsIndirectInputEvents = YES;
				INFOPLIST_KEY_UILaunchScreen_Generation = YES;
				INFOPLIST_KEY_UISupportedInterfaceOrientations_iPad = "UIInterfaceOrientationPortrait UIInterfaceOrientationPortraitUpsideDown UIInterfaceOrientationLandscapeLeft UIInterfaceOrientationLandscapeRight";
				INFOPLIST_KEY_UISupportedInterfaceOrientations_iPhone = "UIInterfaceOrientationPortrait UIInterfaceOrientationLandscapeLeft UIInterfaceOrientationLandscapeRight";
				IPHONEOS_DEPLOYMENT_TARGET = 16.4;
				LD_RUNPATH_SEARCH_PATHS = (
					"$(inherited)",
					"@executable_path/Frameworks",
				);
				MARKETING_VERSION = 1.0;
				PRODUCT_BUNDLE_IDENTIFIER = com.BigFootSaigon.Scrumdinger;
				PRODUCT_NAME = "$(TARGET_NAME)";
				SUPPORTED_PLATFORMS = "iphoneos iphonesimulator";
				SUPPORTS_MACCATALYST = NO;
				SUPPORTS_MAC_DESIGNED_FOR_IPHONE_IPAD = NO;
				SWIFT_EMIT_LOC_STRINGS = YES;
				SWIFT_VERSION = 5.0;
				TARGETED_DEVICE_FAMILY = 1;
			};
			name = Release;
		};
/* End XCBuildConfiguration section */

/* Begin XCConfigurationList section */
		94E5EAA22AE8001500668692 /* Build configuration list for PBXProject "Scrumdinger" */ = {
			isa = XCConfigurationList;
			buildConfigurations = (
				94E5EAB32AE8001600668692 /* Debug */,
				94E5EAB42AE8001600668692 /* Release */,
			);
			defaultConfigurationIsVisible = 0;
			defaultConfigurationName = Release;
		};
		94E5EAB52AE8001600668692 /* Build configuration list for PBXNativeTarget "Scrumdinger" */ = {
			isa = XCConfigurationList;
			buildConfigurations = (
				94E5EAB62AE8001600668692 /* Debug */,
				94E5EAB72AE8001600668692 /* Release */,
			);
			defaultConfigurationIsVisible = 0;
			defaultConfigurationName = Release;
		};
/* End XCConfigurationList section */
	};
	rootObject = 94E5EA9F2AE8001500668692 /* Project object */;
}
